dependencies:
- name: kube-state-metrics
  repository: https://kubernetes-charts.storage.googleapis.com/
  version: 0.13.1
- name: prometheus-node-exporter
  repository: https://kubernetes-charts.storage.googleapis.com/
  version: 1.2.0
- name: grafana
  repository: https://kubernetes-charts.storage.googleapis.com/
  version: 2.0.1
digest: sha256:e4a7070dbfbff86666a4d1b44be732b63344fc0c1b00cdc122296948cfeb0bf4
generated: 2019-02-14T21:16:45.465982+01:00
